{
  "name": "cashsphere-frontend",
  "version": "1.0.0",
  "lockfileVersion": 3,
  "requires": true,
  "packages": {
    "": {
      "name": "cashsphere-frontend",
      "version": "1.0.0",
      "dependencies": {
        "react": "^18.3.1",
        "react-dom": "^18.3.1",
        "react-router-dom": "^6.26.0",
        "axios": "^1.7.2",
        "react-hook-form": "^7.52.0",
        "recharts": "^2.12.7",
        "lucide-react": "^0.408.0",
        "zustand": "^4.5.2"
      },
      "devDependencies": {
        "@vitejs/plugin-react": "^4.3.1",
        "vite": "^5.4.1",
        "tailwindcss": "^3.4.1",
        "postcss": "^8.4.41",
        "autoprefixer": "^10.4.20",
        "@types/react": "^18.3.3",
        "@types/react-dom": "^18.3.0",
        "eslint": "^9.9.0",
        "eslint-plugin-react": "^7.35.0",
        "prettier": "^3.3.3"
      }
    },
    "node_modules/react": {
      "version": "18.3.1",
      "resolved": "https://registry.npmjs.org/react/-/react-18.3.1.tgz",
      "integrity": "sha512-wS+hAgJShR0KhEvapLsDexVMVAn5vERq2plsmiFV47yUhltag+heqfyLMGc7uXc00THBvIraonnO0klgQnmpPw==",
      "dependencies": {
        "loose-envify": "^1.1.0"
      },
      "engines": {
        "node": ">=0.10.0"
      }
    },
    "node_modules/react-dom": {
      "version": "18.3.1",
      "resolved": "https://registry.npmjs.org/react-dom/-/react-dom-18.3.1.tgz",
      "integrity": "sha512-d4BcYcgX7d+Xz4DIeChoCy5qnDukwNjfront5UjkP+xnx8quzuHIWXcXvPEKt4m1NyDhHwaucqvaQiTGk9qVyQ==",
      "dependencies": {
        "loose-envify": "^1.1.0",
        "scheduler": "^0.24.0"
      },
      "peerDependencies": {
        "react": "^18.3.1"
      }
    },
    "node_modules/loose-envify": {
      "version": "1.4.0",
      "resolved": "https://registry.npmjs.org/loose-envify/-/loose-envify-1.4.0.tgz",
      "integrity": "sha512-lyuxPGr/wvjksOroEASQstCKzS/OJnLljDIuP2OjlimaA1nr2O7A7SJc9vgQlaves+T9p1CFISbt76clLeVMGRw==",
      "dependencies": {
        "js-tokens": "^3.0.0 || ^4.0.0"
      },
      "bin": {
        "loose-envify": "cli.js"
      }
    },
    "node_modules/scheduler": {
      "version": "0.24.0",
      "resolved": "https://registry.npmjs.org/scheduler/-/scheduler-0.24.0.tgz",
      "integrity": "sha512-Anz6KskvqHoizss0xjsHc40Kjlz3L8ChIkLE6I/qsTmQ7a3LFvsaQXipjutVHzVbKaHrd6cWsZkmP5pXycQstg=="
    },
    "node_modules/react-router-dom": {
      "version": "6.26.0",
      "resolved": "https://registry.npmjs.org/react-router-dom/-/react-router-dom-6.26.0.tgz",
      "integrity": "sha512-lJcUkC4HwzIGW39BBM5tI2yXslKJN18Jx1A6x37kGzEWR37P35TKzlSDxLLGn2tg7RNKe6FqZsRF/sE8rDr/tQ=="
    },
    "node_modules/axios": {
      "version": "1.7.2",
      "resolved": "https://registry.npmjs.org/axios/-/axios-1.7.2.tgz",
      "integrity": "sha512-2A8QhOMrbomlDuiLeK9XibIBmiskLIQ+fumy5m3y+81g394Ri4sRmMHp8eSJe6UtjnJBEyT9QRdMSB4V+XaIvQ=="
    },
    "node_modules/react-hook-form": {
      "version": "7.52.0",
      "resolved": "https://registry.npmjs.org/react-hook-form/-/react-hook-form-7.52.0.tgz",
      "integrity": "sha512-RgFusTd1bqKr0JeFhUF04I0dI3UU5z5a5p/LoLPp4EXEp7D9hXCBvR2KvHGSfKZLCJJ5/9S9c4Tz0E9GEzEJA=="
    },
    "node_modules/recharts": {
      "version": "2.12.7",
      "resolved": "https://registry.npmjs.org/recharts/-/recharts-2.12.7.tgz",
      "integrity": "sha512-RKT5bOvdxoM1c/4bxvvU5YDmEHsKwzqT9TfQzjUdLo8KPRrvRRnXLPcSNvFzYLTYQPR8bP0kRqZyTB0PQkqKiA=="
    },
    "node_modules/lucide-react": {
      "version": "0.408.0",
      "resolved": "https://registry.npmjs.org/lucide-react/-/lucide-react-0.408.0.tgz",
      "integrity": "sha512-n5u/LnDe3bwFI+JwRe4fMlMsBxj8P7u9L3sHEBgJX+TQvHFrSb7O/2lvzZzlJk+NNfcJz8OZRUxFfvZ+8SqPEw=="
    },
    "node_modules/zustand": {
      "version": "4.5.2",
      "resolved": "https://registry.npmjs.org/zustand/-/zustand-4.5.2.tgz",
      "integrity": "sha512-jDkxL7QV3kJyX8XhKiCl+Pg3SJCrdx8s3hHF7L8dBn9SxPgTydJnE7l6WP1KjLm3mTIDv2QDDPz8zFbDzvPKw=="
    },
    "node_modules/@vitejs/plugin-react": {
      "version": "4.3.1",
      "resolved": "https://registry.npmjs.org/@vitejs/plugin-react/-/plugin-react-4.3.1.tgz",
      "integrity": "sha512-m/V2I7NNJ5qHY2Z33kDrB5SpI4gB1SGnx9CcvLlMyM+E7ER6YF/rIsapVCWgMiMBHZDMX38qtAx/fKcwNg4BLA==",
      "dev": true
    },
    "node_modules/vite": {
      "version": "5.4.1",
      "resolved": "https://registry.npmjs.org/vite/-/vite-5.4.1.tgz",
      "integrity": "sha512-pHXGHxFd8m44NwPyPc/om2pUFoSVQXMbvkR6qal0fVzRU+bYWAVeg/E3+PTJmDgVMHmTbNv2IvopartidhL25Mcw==",
      "dev": true
    },
    "node_modules/tailwindcss": {
      "version": "3.4.1",
      "resolved": "https://registry.npmjs.org/tailwindcss/-/tailwindcss-3.4.1.tgz",
      "integrity": "sha512-qsHQtVil0/3NRDsxfv1LelcCt38db7cuCMMISutW3IInitOL0jP7ICSLyVJ6aN2RNcCnZD16VN8Ry8yFmqouw8w==",
      "dev": true
    },
    "node_modules/postcss": {
      "version": "8.4.41",
      "resolved": "https://registry.npmjs.org/postcss/-/postcss-8.4.41.tgz",
      "integrity": "sha512-TesUflQ0WKZqAvg52PWL6kHgLKP3xTkCY7kIomQnsQKTUE8Gdfo87I7ktqKvylorHvzc1sRMmY0x3CFtk+DksQ==",
      "dev": true
    },
    "node_modules/autoprefixer": {
      "version": "10.4.20",
      "resolved": "https://registry.npmjs.org/autoprefixer/-/autoprefixer-10.4.20.tgz",
      "integrity": "sha512-XY25y5xSv27Q39BH3E5Xx9u+KNQrJ+SHN7rgDs87VUWduVnPog+2AjJz+zQRYY1tick8dCxIVIGHkjTHsNQQ3w==",
      "dev": true
    },
    "node_modules/@types/react": {
      "version": "18.3.3",
      "resolved": "https://registry.npmjs.org/@types/react/-/react-18.3.3.tgz",
      "integrity": "sha512-hwy/gSvAItOmaSuRBk1fpCQc36jncsEADwKPqaZ/4kupWNcnCR5+c8r+hR3XPmPOMWVrT41LviiUda8zAuwn2g==",
      "dev": true
    },
    "node_modules/@types/react-dom": {
      "version": "18.3.0",
      "resolved": "https://registry.npmjs.org/@types/react-dom/-/react-dom-18.3.0.tgz",
      "integrity": "sha512-EhwApuTmMBSUUad-juqneVSU1timLaVP15FSh7gLtZGaKQ68m7yOp6LoM5+RfVMorlCore+G/eFzcOKmjLXrPQ==",
      "dev": true
    },
    "node_modules/eslint": {
      "version": "9.9.0",
      "resolved": "https://registry.npmjs.org/eslint/-/eslint-9.9.0.tgz",
      "integrity": "sha512-LjEMBn/7K3bAKGcv8cAF2P3ewF1/fKWXqJ+tAo53eIurhF9Wq3+kfAVlZ7hJqG0QLxHWkFLFmr5S3KiY1wvVw==",
      "dev": true
    },
    "node_modules/eslint-plugin-react": {
      "version": "7.35.0",
      "resolved": "https://registry.npmjs.org/eslint-plugin-react/-/eslint-plugin-react-7.35.0.tgz",
      "integrity": "sha512-v501ssUHDvsP6vvtn05yDbHvEkyM/6oCMWnhXtNeed60nclFQED5Za21xnGduH6x6K0mo6Z/NY7kMksqkSrWCQ==",
      "dev": true
    },
    "node_modules/prettier": {
      "version": "3.3.3",
      "resolved": "https://registry.npmjs.org/prettier/-/prettier-3.3.3.tgz",
      "integrity": "sha512-i2tDNA0O5IUZq/2aPQ0G8z+KMI2dkpRo2POINT+b8hJ56qo2L3sPvkA+sqKKCBA/xnO8flggPNLKV8zXzk58+A==",
      "dev": true
    }
  }
}
